
Microsoft Visual Studio Solution File, Format Version 12.00
# Visual Studio Version 16
VisualStudioVersion = 16.0.30804.86
MinimumVisualStudioVersion = 10.0.40219.1
Project("{2150E333-8FDC-42A3-9474-1A3956D46DE8}") = "Solution Items", "Solution Items", "{47770F77-BC8C-463B-8B49-0E204DDD9F8F}"
	ProjectSection(SolutionItems) = preProject
		README.md = README.md
	EndProjectSection
EndProject
Project("{FAE04EC0-301F-11D3-BF4B-00C04F79EFBC}") = "Utilidades", "Utilidades\Utilidades.csproj", "{AF7A3689-0FF5-4551-9CEA-519FC4B6DC04}"
EndProject
Project("{FAE04EC0-301F-11D3-BF4B-00C04F79EFBC}") = "Utilidades.Tests", "Utilidades.Tests\Utilidades.Tests.csproj", "{B072A663-9A18-46CD-889A-3749EBCDECC9}"
EndProject
Project("{FAE04EC0-301F-11D3-BF4B-00C04F79EFBC}") = "GildedRose", "GildedRose\GildedRose.csproj", "{22948D7C-8C16-47C0-8218-20E89E3B28B3}"
EndProject
Project("{FAE04EC0-301F-11D3-BF4B-00C04F79EFBC}") = "GildedRose.Tests", "GildedRose.Tests\GildedRose.Tests.csproj", "{23FB6C4F-BF9C-43F9-AD87-34364CA0948D}"
EndProject
Project("{2150E333-8FDC-42A3-9474-1A3956D46DE8}") = "X1. Ejercicios", "X1. Ejercicios", "{0079F533-1DBB-4DE5-B077-51D61AE9282D}"
EndProject
Project("{2150E333-8FDC-42A3-9474-1A3956D46DE8}") = "X2. Ejemplos", "X2. Ejemplos", "{BD226F0F-0973-4E11-B9C3-BF000C6B1E7F}"
EndProject
Project("{FAE04EC0-301F-11D3-BF4B-00C04F79EFBC}") = "Grupo10.Tests.Core", "Grupo10.Tests.Core\Grupo10.Tests.Core.csproj", "{1A0FD3D3-76E6-47C4-8A99-CD53D96DFE9C}"
EndProject
Project("{2150E333-8FDC-42A3-9474-1A3956D46DE8}") = "0 - Modeling and Design", "0 - Modeling and Design", "{A805DEE2-4E79-4C99-9C95-3846C882A93F}"
EndProject
Project("{2150E333-8FDC-42A3-9474-1A3956D46DE8}") = "1 - Layers", "1 - Layers", "{59F6D11D-80E1-4BA2-9974-94C388955AC5}"
EndProject
Project("{2150E333-8FDC-42A3-9474-1A3956D46DE8}") = "2 - Database", "2 - Database", "{F81D1668-B2A3-4B42-9164-6F0567D5EFAF}"
EndProject
Project("{2150E333-8FDC-42A3-9474-1A3956D46DE8}") = "1.1 Presentation", "1.1 Presentation", "{A72204DD-8F27-4DCA-9ADD-926FEF43FD2E}"
EndProject
Project("{2150E333-8FDC-42A3-9474-1A3956D46DE8}") = "1.2 Distributed Services", "1.2 Distributed Services", "{CB962EE2-1A09-4544-A2AD-F2D6280D9603}"
EndProject
Project("{2150E333-8FDC-42A3-9474-1A3956D46DE8}") = "1.3 Application", "1.3 Application", "{5E3B5EC4-BB8A-48C6-985D-E8B5E62D040B}"
EndProject
Project("{2150E333-8FDC-42A3-9474-1A3956D46DE8}") = "1.4 Domain", "1.4 Domain", "{E86AD1A0-D59B-439A-9E9D-A1078B14AC69}"
EndProject
Project("{2150E333-8FDC-42A3-9474-1A3956D46DE8}") = "1.5 Infrastructure", "1.5 Infrastructure", "{150B9096-0997-41BA-B10B-A97347367798}"
EndProject
Project("{2150E333-8FDC-42A3-9474-1A3956D46DE8}") = "2.1 Create", "2.1 Create", "{8FA61978-C257-4305-9A0E-D2990E1A114F}"
EndProject
Project("{2150E333-8FDC-42A3-9474-1A3956D46DE8}") = "2.2 Update", "2.2 Update", "{58D6DFFA-BDE8-45A2-8193-60B905E21C72}"
EndProject
Project("{2150E333-8FDC-42A3-9474-1A3956D46DE8}") = "1.5.1 Data", "1.5.1 Data", "{513C34CD-3CFC-4B31-9056-45D0953B7F4C}"
EndProject
Project("{2150E333-8FDC-42A3-9474-1A3956D46DE8}") = "1.1.1 WPF", "1.1.1 WPF", "{F713EF1A-A3EB-4732-8D82-51AA32516E33}"
EndProject
Project("{2150E333-8FDC-42A3-9474-1A3956D46DE8}") = "1.1.2 Web", "1.1.2 Web", "{6F79194C-6BCC-427F-BCA5-02CF9A161656}"
EndProject
Project("{2150E333-8FDC-42A3-9474-1A3956D46DE8}") = "1.1.3 Mobile", "1.1.3 Mobile", "{620C384A-DC68-4DE0-A55C-BD5D60B2313E}"
EndProject
Project("{FAE04EC0-301F-11D3-BF4B-00C04F79EFBC}") = "MiAplicacion", "MiAplicacion\MiAplicacion.csproj", "{0B39E353-8EC4-4159-AD9C-EE8FDC009157}"
EndProject
Project("{FAE04EC0-301F-11D3-BF4B-00C04F79EFBC}") = "Grupo10.Wpf.Core.Controls", "Grupo10.Wpf.Core.Controls\Grupo10.Wpf.Core.Controls.csproj", "{DD9737B4-2D01-4039-9088-568C92B91ADB}"
EndProject
Project("{FAE04EC0-301F-11D3-BF4B-00C04F79EFBC}") = "Grupo10.DistributedServices.Core", "Grupo10.DistributedServices.Core\Grupo10.DistributedServices.Core.csproj", "{27E1ECC1-3727-49BD-BB35-0E9F28A9FE8B}"
EndProject
Project("{FAE04EC0-301F-11D3-BF4B-00C04F79EFBC}") = "Grupo10.DistributedServices.Services", "Grupo10.DistributedServices.Services\Grupo10.DistributedServices.Services.csproj", "{2D46BE8F-B0BE-43A5-A8E0-B84E7B91CDCF}"
EndProject
Project("{FAE04EC0-301F-11D3-BF4B-00C04F79EFBC}") = "Grupo10.DistributedServices.Client", "Grupo10.DistributedServices.Client\Grupo10.DistributedServices.Client.csproj", "{7C0172A9-1B21-4965-B2A2-74EC89CB0522}"
EndProject
Project("{FAE04EC0-301F-11D3-BF4B-00C04F79EFBC}") = "Grupo10.DistributedServices.DTOS", "Grupo10.DistributedServices.DTOS\Grupo10.DistributedServices.DTOS.csproj", "{71AA7DDC-35A6-448B-8D89-5B6F3071983B}"
EndProject
Project("{FAE04EC0-301F-11D3-BF4B-00C04F79EFBC}") = "Grupo10.DistributedServices.Services.ApiREST", "Grupo10.DistributedServices.Services.ApiREST\Grupo10.DistributedServices.Services.ApiREST.csproj", "{1B1F3398-CE7F-4357-9172-D2E4AE48F72F}"
EndProject
Project("{FAE04EC0-301F-11D3-BF4B-00C04F79EFBC}") = "Grupo10.DistributedServices.Services.ApiREST.Tests", "1.2 Distributed Services\Grupo10.DistributedServices.Services.ApiREST.Tests\Grupo10.DistributedServices.Services.ApiREST.Tests.csproj", "{2837B0E9-FC86-492C-B218-8F734249CF65}"
EndProject
Project("{FAE04EC0-301F-11D3-BF4B-00C04F79EFBC}") = "Grupo10.Aplication.Core", "Grupo10.Aplication.Core\Grupo10.Aplication.Core.csproj", "{829FCBC2-3553-4716-8B96-7DC57F7031A4}"
EndProject
Project("{FAE04EC0-301F-11D3-BF4B-00C04F79EFBC}") = "Grupo10.Aplication.Contracts", "Grupo10.Aplication.Contract\Grupo10.Aplication.Contracts.csproj", "{038A6B5B-C7F4-4BC5-A89D-A9DABB07DFA2}"
EndProject
Project("{FAE04EC0-301F-11D3-BF4B-00C04F79EFBC}") = "Grupo10.Aplication.Services", "Grupo10.Aplication.Services\Grupo10.Aplication.Services.csproj", "{A72E3B58-8F29-4A42-9922-05D5F455EBD9}"
EndProject
Project("{FAE04EC0-301F-11D3-BF4B-00C04F79EFBC}") = "Grupo10.Domain.Core", "Grupo10.Domain.Core\Grupo10.Domain.Core.csproj", "{081E879F-5AF2-4C32-8301-6E03946188D2}"
EndProject
Project("{FAE04EC0-301F-11D3-BF4B-00C04F79EFBC}") = "Grupo10.Domain.Contracts", "Grupo10.Domain.Contracts\Grupo10.Domain.Contracts.csproj", "{01B20A98-965C-4D52-9183-2458F7A5D1B9}"
EndProject
Project("{FAE04EC0-301F-11D3-BF4B-00C04F79EFBC}") = "Grupo10.Domain.Services", "Grupo10.Domain.Services\Grupo10.Domain.Services.csproj", "{F55CB24C-DB55-4EF1-9FEB-E5CA7F37AA7B}"
EndProject
Project("{FAE04EC0-301F-11D3-BF4B-00C04F79EFBC}") = "Grupo10.Domain.Entities", "Grupo10.Domain.Entities\Grupo10.Domain.Entities.csproj", "{5EEA515D-EE9A-4820-B42A-C0807AB4EF9C}"
EndProject
Project("{2150E333-8FDC-42A3-9474-1A3956D46DE8}") = "1.5.2 CrossCutting", "1.5.2 CrossCutting", "{83BF5E97-D321-4FD1-BA63-91D6FF731B43}"
EndProject
Project("{FAE04EC0-301F-11D3-BF4B-00C04F79EFBC}") = "Grupo10.Infrastructure.Data.Core", "Grupo10.Infrastructure.Data.Core\Grupo10.Infrastructure.Data.Core.csproj", "{C022B4A1-F973-40B3-ACE9-151CC46A1610}"
EndProject
Project("{FAE04EC0-301F-11D3-BF4B-00C04F79EFBC}") = "Grupo10.Infrastructure.Data", "Grupo10.Infrastructure.Data\Grupo10.Infrastructure.Data.csproj", "{42C35CF1-B573-489D-874E-33FFD5FAAD03}"
EndProject
Project("{FAE04EC0-301F-11D3-BF4B-00C04F79EFBC}") = "Grupo10.Infrastructure.CrossCutting.Core", "Grupo10.Infrastructure.CrossCutting.Core\Grupo10.Infrastructure.CrossCutting.Core.csproj", "{0A37968A-6C90-4703-90D4-1C0E20F5F6CA}"
EndProject
Project("{FAE04EC0-301F-11D3-BF4B-00C04F79EFBC}") = "Grupo10.Infrastructure.CrossCutting", "Grupo10.Infrastructure.CrossCutting\Grupo10.Infrastructure.CrossCutting.csproj", "{CC7CE143-11EF-4361-96BA-A9245845A027}"
EndProject
Project("{FAE04EC0-301F-11D3-BF4B-00C04F79EFBC}") = "Grupo10.Infrastructure.CrossCutting.IoC", "Grupo10.Infrastructure.CrossCutting.IoC\Grupo10.Infrastructure.CrossCutting.IoC.csproj", "{0C4480D0-72A2-4967-99A1-9D81571E22BD}"
EndProject
Project("{FAE04EC0-301F-11D3-BF4B-00C04F79EFBC}") = "Grupo10.Infrastructure.CrossCutting.Security", "Grupo10.Infrastructure.CrossCutting.Security\Grupo10.Infrastructure.CrossCutting.Security.csproj", "{C2105334-1B83-4975-8AD0-CE6A61D7B0F1}"
EndProject
Project("{2150E333-8FDC-42A3-9474-1A3956D46DE8}") = "1.5.3 Adapters", "1.5.3 Adapters", "{EB6F21C9-BD49-4953-9F5B-D1F189D6CF1D}"
EndProject
Project("{FAE04EC0-301F-11D3-BF4B-00C04F79EFBC}") = "Grupo10.Infrastructure.XXX.Adapters", "Grupo10.Infrastructure.XXX.Adapters\Grupo10.Infrastructure.XXX.Adapters.csproj", "{2F0A1707-B107-4C46-9A32-FE6DC8887409}"
EndProject
Project("{FAE04EC0-301F-11D3-BF4B-00C04F79EFBC}") = "Calculadora", "Calculadora\Calculadora.csproj", "{A0CB0D3F-549D-4A9F-87F5-6CFED7CD217F}"
EndProject
Project("{FAE04EC0-301F-11D3-BF4B-00C04F79EFBC}") = "Calculadora.Tests", "Calculadora.Tests\Calculadora.Tests.csproj", "{0BEBDCAC-4129-40A9-9AC0-568ECBF13F0E}"
EndProject
Project("{FAE04EC0-301F-11D3-BF4B-00C04F79EFBC}") = "Ocultacion", "Ocultacion\Ocultacion.csproj", "{5FADCCB6-D8DB-4C13-B10D-330DB2272D9C}"
EndProject
Project("{FAE04EC0-301F-11D3-BF4B-00C04F79EFBC}") = "Grupo10.Infrastructure.Data.Mock", "Grupo10.Infrastructure.Data.Mock\Grupo10.Infrastructure.Data.Mock.csproj", "{C2A208A6-F8FF-4215-9A38-07B19C504726}"
EndProject
Project("{2150E333-8FDC-42A3-9474-1A3956D46DE8}") = "X.3 MEF", "X.3 MEF", "{6F05432C-22EF-4FDE-B4F7-C0708DB217CC}"
EndProject
Project("{FAE04EC0-301F-11D3-BF4B-00C04F79EFBC}") = "MEF.Contratos", "MEF.Contratos\MEF.Contratos.csproj", "{EB5D2FA8-586D-4B20-B260-F4C471B2E714}"
EndProject
Project("{FAE04EC0-301F-11D3-BF4B-00C04F79EFBC}") = "MEF.ExtensionA", "MEF.ExtensionA\MEF.ExtensionA.csproj", "{BFAA34FC-F341-456A-ADD2-DD8E2DDCC938}"
EndProject
Project("{FAE04EC0-301F-11D3-BF4B-00C04F79EFBC}") = "MEF.ExtensionB", "MEF.ExtensionB\MEF.ExtensionB.csproj", "{D06EA8DE-5EDB-48E8-B7AA-E1BC1AF85F2E}"
EndProject
Project("{FAE04EC0-301F-11D3-BF4B-00C04F79EFBC}") = "MEF.App", "MEF.App\MEF.App.csproj", "{F6293FB6-D136-4431-939D-7F9F1F562358}"
EndProject
Project("{2150E333-8FDC-42A3-9474-1A3956D46DE8}") = "1.6 Transversales", "1.6 Transversales", "{1FCE8A28-80D9-4AC5-9E2F-A9BB4388AD43}"
EndProject
Project("{FAE04EC0-301F-11D3-BF4B-00C04F79EFBC}") = "Patentes", "Patentes\Patentes.csproj", "{8B125949-88AE-43A6-AAC2-A6717284A2CF}"
EndProject
Global
	GlobalSection(SolutionConfigurationPlatforms) = preSolution
		Debug|Any CPU = Debug|Any CPU
		Release|Any CPU = Release|Any CPU
	EndGlobalSection
	GlobalSection(ProjectConfigurationPlatforms) = postSolution
		{AF7A3689-0FF5-4551-9CEA-519FC4B6DC04}.Debug|Any CPU.ActiveCfg = Debug|Any CPU
		{AF7A3689-0FF5-4551-9CEA-519FC4B6DC04}.Debug|Any CPU.Build.0 = Debug|Any CPU
		{AF7A3689-0FF5-4551-9CEA-519FC4B6DC04}.Release|Any CPU.ActiveCfg = Release|Any CPU
		{AF7A3689-0FF5-4551-9CEA-519FC4B6DC04}.Release|Any CPU.Build.0 = Release|Any CPU
		{B072A663-9A18-46CD-889A-3749EBCDECC9}.Debug|Any CPU.ActiveCfg = Debug|Any CPU
		{B072A663-9A18-46CD-889A-3749EBCDECC9}.Debug|Any CPU.Build.0 = Debug|Any CPU
		{B072A663-9A18-46CD-889A-3749EBCDECC9}.Release|Any CPU.ActiveCfg = Release|Any CPU
		{B072A663-9A18-46CD-889A-3749EBCDECC9}.Release|Any CPU.Build.0 = Release|Any CPU
		{22948D7C-8C16-47C0-8218-20E89E3B28B3}.Debug|Any CPU.ActiveCfg = Debug|Any CPU
		{22948D7C-8C16-47C0-8218-20E89E3B28B3}.Debug|Any CPU.Build.0 = Debug|Any CPU
		{22948D7C-8C16-47C0-8218-20E89E3B28B3}.Release|Any CPU.ActiveCfg = Release|Any CPU
		{22948D7C-8C16-47C0-8218-20E89E3B28B3}.Release|Any CPU.Build.0 = Release|Any CPU
		{23FB6C4F-BF9C-43F9-AD87-34364CA0948D}.Debug|Any CPU.ActiveCfg = Debug|Any CPU
		{23FB6C4F-BF9C-43F9-AD87-34364CA0948D}.Debug|Any CPU.Build.0 = Debug|Any CPU
		{23FB6C4F-BF9C-43F9-AD87-34364CA0948D}.Release|Any CPU.ActiveCfg = Release|Any CPU
		{23FB6C4F-BF9C-43F9-AD87-34364CA0948D}.Release|Any CPU.Build.0 = Release|Any CPU
		{1A0FD3D3-76E6-47C4-8A99-CD53D96DFE9C}.Debug|Any CPU.ActiveCfg = Debug|Any CPU
		{1A0FD3D3-76E6-47C4-8A99-CD53D96DFE9C}.Debug|Any CPU.Build.0 = Debug|Any CPU
		{1A0FD3D3-76E6-47C4-8A99-CD53D96DFE9C}.Release|Any CPU.ActiveCfg = Release|Any CPU
		{1A0FD3D3-76E6-47C4-8A99-CD53D96DFE9C}.Release|Any CPU.Build.0 = Release|Any CPU
		{0B39E353-8EC4-4159-AD9C-EE8FDC009157}.Debug|Any CPU.ActiveCfg = Debug|Any CPU
		{0B39E353-8EC4-4159-AD9C-EE8FDC009157}.Debug|Any CPU.Build.0 = Debug|Any CPU
		{0B39E353-8EC4-4159-AD9C-EE8FDC009157}.Release|Any CPU.ActiveCfg = Release|Any CPU
		{0B39E353-8EC4-4159-AD9C-EE8FDC009157}.Release|Any CPU.Build.0 = Release|Any CPU
		{DD9737B4-2D01-4039-9088-568C92B91ADB}.Debug|Any CPU.ActiveCfg = Debug|Any CPU
		{DD9737B4-2D01-4039-9088-568C92B91ADB}.Debug|Any CPU.Build.0 = Debug|Any CPU
		{DD9737B4-2D01-4039-9088-568C92B91ADB}.Release|Any CPU.ActiveCfg = Release|Any CPU
		{DD9737B4-2D01-4039-9088-568C92B91ADB}.Release|Any CPU.Build.0 = Release|Any CPU
		{27E1ECC1-3727-49BD-BB35-0E9F28A9FE8B}.Debug|Any CPU.ActiveCfg = Debug|Any CPU
		{27E1ECC1-3727-49BD-BB35-0E9F28A9FE8B}.Debug|Any CPU.Build.0 = Debug|Any CPU
		{27E1ECC1-3727-49BD-BB35-0E9F28A9FE8B}.Release|Any CPU.ActiveCfg = Release|Any CPU
		{27E1ECC1-3727-49BD-BB35-0E9F28A9FE8B}.Release|Any CPU.Build.0 = Release|Any CPU
		{2D46BE8F-B0BE-43A5-A8E0-B84E7B91CDCF}.Debug|Any CPU.ActiveCfg = Debug|Any CPU
		{2D46BE8F-B0BE-43A5-A8E0-B84E7B91CDCF}.Debug|Any CPU.Build.0 = Debug|Any CPU
		{2D46BE8F-B0BE-43A5-A8E0-B84E7B91CDCF}.Release|Any CPU.ActiveCfg = Release|Any CPU
		{2D46BE8F-B0BE-43A5-A8E0-B84E7B91CDCF}.Release|Any CPU.Build.0 = Release|Any CPU
		{7C0172A9-1B21-4965-B2A2-74EC89CB0522}.Debug|Any CPU.ActiveCfg = Debug|Any CPU
		{7C0172A9-1B21-4965-B2A2-74EC89CB0522}.Debug|Any CPU.Build.0 = Debug|Any CPU
		{7C0172A9-1B21-4965-B2A2-74EC89CB0522}.Release|Any CPU.ActiveCfg = Release|Any CPU
		{7C0172A9-1B21-4965-B2A2-74EC89CB0522}.Release|Any CPU.Build.0 = Release|Any CPU
		{71AA7DDC-35A6-448B-8D89-5B6F3071983B}.Debug|Any CPU.ActiveCfg = Debug|Any CPU
		{71AA7DDC-35A6-448B-8D89-5B6F3071983B}.Debug|Any CPU.Build.0 = Debug|Any CPU
		{71AA7DDC-35A6-448B-8D89-5B6F3071983B}.Release|Any CPU.ActiveCfg = Release|Any CPU
		{71AA7DDC-35A6-448B-8D89-5B6F3071983B}.Release|Any CPU.Build.0 = Release|Any CPU
		{1B1F3398-CE7F-4357-9172-D2E4AE48F72F}.Debug|Any CPU.ActiveCfg = Debug|Any CPU
		{1B1F3398-CE7F-4357-9172-D2E4AE48F72F}.Debug|Any CPU.Build.0 = Debug|Any CPU
		{1B1F3398-CE7F-4357-9172-D2E4AE48F72F}.Release|Any CPU.ActiveCfg = Release|Any CPU
		{1B1F3398-CE7F-4357-9172-D2E4AE48F72F}.Release|Any CPU.Build.0 = Release|Any CPU
		{2837B0E9-FC86-492C-B218-8F734249CF65}.Debug|Any CPU.ActiveCfg = Debug|Any CPU
		{2837B0E9-FC86-492C-B218-8F734249CF65}.Debug|Any CPU.Build.0 = Debug|Any CPU
		{2837B0E9-FC86-492C-B218-8F734249CF65}.Release|Any CPU.ActiveCfg = Release|Any CPU
		{2837B0E9-FC86-492C-B218-8F734249CF65}.Release|Any CPU.Build.0 = Release|Any CPU
		{829FCBC2-3553-4716-8B96-7DC57F7031A4}.Debug|Any CPU.ActiveCfg = Debug|Any CPU
		{829FCBC2-3553-4716-8B96-7DC57F7031A4}.Debug|Any CPU.Build.0 = Debug|Any CPU
		{829FCBC2-3553-4716-8B96-7DC57F7031A4}.Release|Any CPU.ActiveCfg = Release|Any CPU
		{829FCBC2-3553-4716-8B96-7DC57F7031A4}.Release|Any CPU.Build.0 = Release|Any CPU
		{038A6B5B-C7F4-4BC5-A89D-A9DABB07DFA2}.Debug|Any CPU.ActiveCfg = Debug|Any CPU
		{038A6B5B-C7F4-4BC5-A89D-A9DABB07DFA2}.Debug|Any CPU.Build.0 = Debug|Any CPU
		{038A6B5B-C7F4-4BC5-A89D-A9DABB07DFA2}.Release|Any CPU.ActiveCfg = Release|Any CPU
		{038A6B5B-C7F4-4BC5-A89D-A9DABB07DFA2}.Release|Any CPU.Build.0 = Release|Any CPU
		{A72E3B58-8F29-4A42-9922-05D5F455EBD9}.Debug|Any CPU.ActiveCfg = Debug|Any CPU
		{A72E3B58-8F29-4A42-9922-05D5F455EBD9}.Debug|Any CPU.Build.0 = Debug|Any CPU
		{A72E3B58-8F29-4A42-9922-05D5F455EBD9}.Release|Any CPU.ActiveCfg = Release|Any CPU
		{A72E3B58-8F29-4A42-9922-05D5F455EBD9}.Release|Any CPU.Build.0 = Release|Any CPU
		{081E879F-5AF2-4C32-8301-6E03946188D2}.Debug|Any CPU.ActiveCfg = Debug|Any CPU
		{081E879F-5AF2-4C32-8301-6E03946188D2}.Debug|Any CPU.Build.0 = Debug|Any CPU
		{081E879F-5AF2-4C32-8301-6E03946188D2}.Release|Any CPU.ActiveCfg = Release|Any CPU
		{081E879F-5AF2-4C32-8301-6E03946188D2}.Release|Any CPU.Build.0 = Release|Any CPU
		{01B20A98-965C-4D52-9183-2458F7A5D1B9}.Debug|Any CPU.ActiveCfg = Debug|Any CPU
		{01B20A98-965C-4D52-9183-2458F7A5D1B9}.Debug|Any CPU.Build.0 = Debug|Any CPU
		{01B20A98-965C-4D52-9183-2458F7A5D1B9}.Release|Any CPU.ActiveCfg = Release|Any CPU
		{01B20A98-965C-4D52-9183-2458F7A5D1B9}.Release|Any CPU.Build.0 = Release|Any CPU
		{F55CB24C-DB55-4EF1-9FEB-E5CA7F37AA7B}.Debug|Any CPU.ActiveCfg = Debug|Any CPU
		{F55CB24C-DB55-4EF1-9FEB-E5CA7F37AA7B}.Debug|Any CPU.Build.0 = Debug|Any CPU
		{F55CB24C-DB55-4EF1-9FEB-E5CA7F37AA7B}.Release|Any CPU.ActiveCfg = Release|Any CPU
		{F55CB24C-DB55-4EF1-9FEB-E5CA7F37AA7B}.Release|Any CPU.Build.0 = Release|Any CPU
		{5EEA515D-EE9A-4820-B42A-C0807AB4EF9C}.Debug|Any CPU.ActiveCfg = Debug|Any CPU
		{5EEA515D-EE9A-4820-B42A-C0807AB4EF9C}.Debug|Any CPU.Build.0 = Debug|Any CPU
		{5EEA515D-EE9A-4820-B42A-C0807AB4EF9C}.Release|Any CPU.ActiveCfg = Release|Any CPU
		{5EEA515D-EE9A-4820-B42A-C0807AB4EF9C}.Release|Any CPU.Build.0 = Release|Any CPU
		{C022B4A1-F973-40B3-ACE9-151CC46A1610}.Debug|Any CPU.ActiveCfg = Debug|Any CPU
		{C022B4A1-F973-40B3-ACE9-151CC46A1610}.Debug|Any CPU.Build.0 = Debug|Any CPU
		{C022B4A1-F973-40B3-ACE9-151CC46A1610}.Release|Any CPU.ActiveCfg = Release|Any CPU
		{C022B4A1-F973-40B3-ACE9-151CC46A1610}.Release|Any CPU.Build.0 = Release|Any CPU
		{42C35CF1-B573-489D-874E-33FFD5FAAD03}.Debug|Any CPU.ActiveCfg = Debug|Any CPU
		{42C35CF1-B573-489D-874E-33FFD5FAAD03}.Debug|Any CPU.Build.0 = Debug|Any CPU
		{42C35CF1-B573-489D-874E-33FFD5FAAD03}.Release|Any CPU.ActiveCfg = Release|Any CPU
		{42C35CF1-B573-489D-874E-33FFD5FAAD03}.Release|Any CPU.Build.0 = Release|Any CPU
		{0A37968A-6C90-4703-90D4-1C0E20F5F6CA}.Debug|Any CPU.ActiveCfg = Debug|Any CPU
		{0A37968A-6C90-4703-90D4-1C0E20F5F6CA}.Debug|Any CPU.Build.0 = Debug|Any CPU
		{0A37968A-6C90-4703-90D4-1C0E20F5F6CA}.Release|Any CPU.ActiveCfg = Release|Any CPU
		{0A37968A-6C90-4703-90D4-1C0E20F5F6CA}.Release|Any CPU.Build.0 = Release|Any CPU
		{CC7CE143-11EF-4361-96BA-A9245845A027}.Debug|Any CPU.ActiveCfg = Debug|Any CPU
		{CC7CE143-11EF-4361-96BA-A9245845A027}.Debug|Any CPU.Build.0 = Debug|Any CPU
		{CC7CE143-11EF-4361-96BA-A9245845A027}.Release|Any CPU.ActiveCfg = Release|Any CPU
		{CC7CE143-11EF-4361-96BA-A9245845A027}.Release|Any CPU.Build.0 = Release|Any CPU
		{0C4480D0-72A2-4967-99A1-9D81571E22BD}.Debug|Any CPU.ActiveCfg = Debug|Any CPU
		{0C4480D0-72A2-4967-99A1-9D81571E22BD}.Debug|Any CPU.Build.0 = Debug|Any CPU
		{0C4480D0-72A2-4967-99A1-9D81571E22BD}.Release|Any CPU.ActiveCfg = Release|Any CPU
		{0C4480D0-72A2-4967-99A1-9D81571E22BD}.Release|Any CPU.Build.0 = Release|Any CPU
		{C2105334-1B83-4975-8AD0-CE6A61D7B0F1}.Debug|Any CPU.ActiveCfg = Debug|Any CPU
		{C2105334-1B83-4975-8AD0-CE6A61D7B0F1}.Debug|Any CPU.Build.0 = Debug|Any CPU
		{C2105334-1B83-4975-8AD0-CE6A61D7B0F1}.Release|Any CPU.ActiveCfg = Release|Any CPU
		{C2105334-1B83-4975-8AD0-CE6A61D7B0F1}.Release|Any CPU.Build.0 = Release|Any CPU
		{2F0A1707-B107-4C46-9A32-FE6DC8887409}.Debug|Any CPU.ActiveCfg = Debug|Any CPU
		{2F0A1707-B107-4C46-9A32-FE6DC8887409}.Debug|Any CPU.Build.0 = Debug|Any CPU
		{2F0A1707-B107-4C46-9A32-FE6DC8887409}.Release|Any CPU.ActiveCfg = Release|Any CPU
		{2F0A1707-B107-4C46-9A32-FE6DC8887409}.Release|Any CPU.Build.0 = Release|Any CPU
		{A0CB0D3F-549D-4A9F-87F5-6CFED7CD217F}.Debug|Any CPU.ActiveCfg = Debug|Any CPU
		{A0CB0D3F-549D-4A9F-87F5-6CFED7CD217F}.Debug|Any CPU.Build.0 = Debug|Any CPU
		{A0CB0D3F-549D-4A9F-87F5-6CFED7CD217F}.Release|Any CPU.ActiveCfg = Release|Any CPU
		{A0CB0D3F-549D-4A9F-87F5-6CFED7CD217F}.Release|Any CPU.Build.0 = Release|Any CPU
		{0BEBDCAC-4129-40A9-9AC0-568ECBF13F0E}.Debug|Any CPU.ActiveCfg = Debug|Any CPU
		{0BEBDCAC-4129-40A9-9AC0-568ECBF13F0E}.Debug|Any CPU.Build.0 = Debug|Any CPU
		{0BEBDCAC-4129-40A9-9AC0-568ECBF13F0E}.Release|Any CPU.ActiveCfg = Release|Any CPU
		{0BEBDCAC-4129-40A9-9AC0-568ECBF13F0E}.Release|Any CPU.Build.0 = Release|Any CPU
		{5FADCCB6-D8DB-4C13-B10D-330DB2272D9C}.Debug|Any CPU.ActiveCfg = Debug|Any CPU
		{5FADCCB6-D8DB-4C13-B10D-330DB2272D9C}.Debug|Any CPU.Build.0 = Debug|Any CPU
		{5FADCCB6-D8DB-4C13-B10D-330DB2272D9C}.Release|Any CPU.ActiveCfg = Release|Any CPU
		{5FADCCB6-D8DB-4C13-B10D-330DB2272D9C}.Release|Any CPU.Build.0 = Release|Any CPU
		{C2A208A6-F8FF-4215-9A38-07B19C504726}.Debug|Any CPU.ActiveCfg = Debug|Any CPU
		{C2A208A6-F8FF-4215-9A38-07B19C504726}.Debug|Any CPU.Build.0 = Debug|Any CPU
		{C2A208A6-F8FF-4215-9A38-07B19C504726}.Release|Any CPU.ActiveCfg = Release|Any CPU
		{C2A208A6-F8FF-4215-9A38-07B19C504726}.Release|Any CPU.Build.0 = Release|Any CPU
		{EB5D2FA8-586D-4B20-B260-F4C471B2E714}.Debug|Any CPU.ActiveCfg = Debug|Any CPU
		{EB5D2FA8-586D-4B20-B260-F4C471B2E714}.Debug|Any CPU.Build.0 = Debug|Any CPU
		{EB5D2FA8-586D-4B20-B260-F4C471B2E714}.Release|Any CPU.ActiveCfg = Release|Any CPU
		{EB5D2FA8-586D-4B20-B260-F4C471B2E714}.Release|Any CPU.Build.0 = Release|Any CPU
		{BFAA34FC-F341-456A-ADD2-DD8E2DDCC938}.Debug|Any CPU.ActiveCfg = Debug|Any CPU
		{BFAA34FC-F341-456A-ADD2-DD8E2DDCC938}.Debug|Any CPU.Build.0 = Debug|Any CPU
		{BFAA34FC-F341-456A-ADD2-DD8E2DDCC938}.Release|Any CPU.ActiveCfg = Release|Any CPU
		{BFAA34FC-F341-456A-ADD2-DD8E2DDCC938}.Release|Any CPU.Build.0 = Release|Any CPU
		{D06EA8DE-5EDB-48E8-B7AA-E1BC1AF85F2E}.Debug|Any CPU.ActiveCfg = Debug|Any CPU
		{D06EA8DE-5EDB-48E8-B7AA-E1BC1AF85F2E}.Debug|Any CPU.Build.0 = Debug|Any CPU
		{D06EA8DE-5EDB-48E8-B7AA-E1BC1AF85F2E}.Release|Any CPU.ActiveCfg = Release|Any CPU
		{D06EA8DE-5EDB-48E8-B7AA-E1BC1AF85F2E}.Release|Any CPU.Build.0 = Release|Any CPU
		{F6293FB6-D136-4431-939D-7F9F1F562358}.Debug|Any CPU.ActiveCfg = Debug|Any CPU
		{F6293FB6-D136-4431-939D-7F9F1F562358}.Debug|Any CPU.Build.0 = Debug|Any CPU
		{F6293FB6-D136-4431-939D-7F9F1F562358}.Release|Any CPU.ActiveCfg = Release|Any CPU
		{F6293FB6-D136-4431-939D-7F9F1F562358}.Release|Any CPU.Build.0 = Release|Any CPU
		{8B125949-88AE-43A6-AAC2-A6717284A2CF}.Debug|Any CPU.ActiveCfg = Debug|Any CPU
		{8B125949-88AE-43A6-AAC2-A6717284A2CF}.Debug|Any CPU.Build.0 = Debug|Any CPU
		{8B125949-88AE-43A6-AAC2-A6717284A2CF}.Release|Any CPU.ActiveCfg = Release|Any CPU
		{8B125949-88AE-43A6-AAC2-A6717284A2CF}.Release|Any CPU.Build.0 = Release|Any CPU
	EndGlobalSection
	GlobalSection(SolutionProperties) = preSolution
		HideSolutionNode = FALSE
	EndGlobalSection
	GlobalSection(NestedProjects) = preSolution
		{AF7A3689-0FF5-4551-9CEA-519FC4B6DC04} = {BD226F0F-0973-4E11-B9C3-BF000C6B1E7F}
		{B072A663-9A18-46CD-889A-3749EBCDECC9} = {BD226F0F-0973-4E11-B9C3-BF000C6B1E7F}
		{22948D7C-8C16-47C0-8218-20E89E3B28B3} = {0079F533-1DBB-4DE5-B077-51D61AE9282D}
		{23FB6C4F-BF9C-43F9-AD87-34364CA0948D} = {0079F533-1DBB-4DE5-B077-51D61AE9282D}
		{1A0FD3D3-76E6-47C4-8A99-CD53D96DFE9C} = {0079F533-1DBB-4DE5-B077-51D61AE9282D}
		{A72204DD-8F27-4DCA-9ADD-926FEF43FD2E} = {59F6D11D-80E1-4BA2-9974-94C388955AC5}
		{CB962EE2-1A09-4544-A2AD-F2D6280D9603} = {59F6D11D-80E1-4BA2-9974-94C388955AC5}
		{5E3B5EC4-BB8A-48C6-985D-E8B5E62D040B} = {59F6D11D-80E1-4BA2-9974-94C388955AC5}
		{E86AD1A0-D59B-439A-9E9D-A1078B14AC69} = {59F6D11D-80E1-4BA2-9974-94C388955AC5}
		{150B9096-0997-41BA-B10B-A97347367798} = {59F6D11D-80E1-4BA2-9974-94C388955AC5}
		{8FA61978-C257-4305-9A0E-D2990E1A114F} = {F81D1668-B2A3-4B42-9164-6F0567D5EFAF}
		{58D6DFFA-BDE8-45A2-8193-60B905E21C72} = {F81D1668-B2A3-4B42-9164-6F0567D5EFAF}
		{513C34CD-3CFC-4B31-9056-45D0953B7F4C} = {150B9096-0997-41BA-B10B-A97347367798}
		{F713EF1A-A3EB-4732-8D82-51AA32516E33} = {A72204DD-8F27-4DCA-9ADD-926FEF43FD2E}
		{6F79194C-6BCC-427F-BCA5-02CF9A161656} = {A72204DD-8F27-4DCA-9ADD-926FEF43FD2E}
		{620C384A-DC68-4DE0-A55C-BD5D60B2313E} = {A72204DD-8F27-4DCA-9ADD-926FEF43FD2E}
		{0B39E353-8EC4-4159-AD9C-EE8FDC009157} = {F713EF1A-A3EB-4732-8D82-51AA32516E33}
		{DD9737B4-2D01-4039-9088-568C92B91ADB} = {F713EF1A-A3EB-4732-8D82-51AA32516E33}
		{27E1ECC1-3727-49BD-BB35-0E9F28A9FE8B} = {CB962EE2-1A09-4544-A2AD-F2D6280D9603}
		{2D46BE8F-B0BE-43A5-A8E0-B84E7B91CDCF} = {CB962EE2-1A09-4544-A2AD-F2D6280D9603}
		{7C0172A9-1B21-4965-B2A2-74EC89CB0522} = {CB962EE2-1A09-4544-A2AD-F2D6280D9603}
		{71AA7DDC-35A6-448B-8D89-5B6F3071983B} = {CB962EE2-1A09-4544-A2AD-F2D6280D9603}
		{1B1F3398-CE7F-4357-9172-D2E4AE48F72F} = {CB962EE2-1A09-4544-A2AD-F2D6280D9603}
		{2837B0E9-FC86-492C-B218-8F734249CF65} = {CB962EE2-1A09-4544-A2AD-F2D6280D9603}
		{829FCBC2-3553-4716-8B96-7DC57F7031A4} = {5E3B5EC4-BB8A-48C6-985D-E8B5E62D040B}
		{038A6B5B-C7F4-4BC5-A89D-A9DABB07DFA2} = {5E3B5EC4-BB8A-48C6-985D-E8B5E62D040B}
		{A72E3B58-8F29-4A42-9922-05D5F455EBD9} = {5E3B5EC4-BB8A-48C6-985D-E8B5E62D040B}
		{081E879F-5AF2-4C32-8301-6E03946188D2} = {E86AD1A0-D59B-439A-9E9D-A1078B14AC69}
		{01B20A98-965C-4D52-9183-2458F7A5D1B9} = {E86AD1A0-D59B-439A-9E9D-A1078B14AC69}
		{F55CB24C-DB55-4EF1-9FEB-E5CA7F37AA7B} = {E86AD1A0-D59B-439A-9E9D-A1078B14AC69}
		{5EEA515D-EE9A-4820-B42A-C0807AB4EF9C} = {E86AD1A0-D59B-439A-9E9D-A1078B14AC69}
		{83BF5E97-D321-4FD1-BA63-91D6FF731B43} = {150B9096-0997-41BA-B10B-A97347367798}
		{C022B4A1-F973-40B3-ACE9-151CC46A1610} = {513C34CD-3CFC-4B31-9056-45D0953B7F4C}
		{42C35CF1-B573-489D-874E-33FFD5FAAD03} = {513C34CD-3CFC-4B31-9056-45D0953B7F4C}
		{0A37968A-6C90-4703-90D4-1C0E20F5F6CA} = {83BF5E97-D321-4FD1-BA63-91D6FF731B43}
		{CC7CE143-11EF-4361-96BA-A9245845A027} = {83BF5E97-D321-4FD1-BA63-91D6FF731B43}
		{0C4480D0-72A2-4967-99A1-9D81571E22BD} = {83BF5E97-D321-4FD1-BA63-91D6FF731B43}
		{C2105334-1B83-4975-8AD0-CE6A61D7B0F1} = {83BF5E97-D321-4FD1-BA63-91D6FF731B43}
		{EB6F21C9-BD49-4953-9F5B-D1F189D6CF1D} = {150B9096-0997-41BA-B10B-A97347367798}
		{2F0A1707-B107-4C46-9A32-FE6DC8887409} = {EB6F21C9-BD49-4953-9F5B-D1F189D6CF1D}
		{A0CB0D3F-549D-4A9F-87F5-6CFED7CD217F} = {BD226F0F-0973-4E11-B9C3-BF000C6B1E7F}
		{0BEBDCAC-4129-40A9-9AC0-568ECBF13F0E} = {BD226F0F-0973-4E11-B9C3-BF000C6B1E7F}
		{C2A208A6-F8FF-4215-9A38-07B19C504726} = {513C34CD-3CFC-4B31-9056-45D0953B7F4C}
		{EB5D2FA8-586D-4B20-B260-F4C471B2E714} = {6F05432C-22EF-4FDE-B4F7-C0708DB217CC}
		{BFAA34FC-F341-456A-ADD2-DD8E2DDCC938} = {6F05432C-22EF-4FDE-B4F7-C0708DB217CC}
		{D06EA8DE-5EDB-48E8-B7AA-E1BC1AF85F2E} = {6F05432C-22EF-4FDE-B4F7-C0708DB217CC}
		{F6293FB6-D136-4431-939D-7F9F1F562358} = {6F05432C-22EF-4FDE-B4F7-C0708DB217CC}
		{1FCE8A28-80D9-4AC5-9E2F-A9BB4388AD43} = {59F6D11D-80E1-4BA2-9974-94C388955AC5}
		{8B125949-88AE-43A6-AAC2-A6717284A2CF} = {1FCE8A28-80D9-4AC5-9E2F-A9BB4388AD43}
	EndGlobalSection
	GlobalSection(ExtensibilityGlobals) = postSolution
		SolutionGuid = {BCD1CE5D-BDD1-4D53-B7B2-8833BBF61CB7}
	EndGlobalSection
EndGlobal
